
Microsoft Visual Studio Solution File, Format Version 12.00
# Visual Studio Version 16
VisualStudioVersion = 16.0.31729.503
MinimumVisualStudioVersion = 10.0.40219.1
Project("{9A19103F-16F7-4668-BE54-9A1E7A4F7556}") = "Practica2_Certificacion", "Practica2_Certificacion\Practica2_Certificacion.csproj", "{91D08729-CA00-41F8-B05F-74B6C00DD796}"
EndProject
Project("{9A19103F-16F7-4668-BE54-9A1E7A4F7556}") = "PatientLogic", "PatientLogic\PatientLogic.csproj", "{B4046424-C361-4C75-BCEE-F596D0F224FD}"
	ProjectSection(ProjectDependencies) = postProject
		{7C369215-71EA-4B1F-ADCF-321977161247} = {7C369215-71EA-4B1F-ADCF-321977161247}
	EndProjectSection
EndProject
Project("{9A19103F-16F7-4668-BE54-9A1E7A4F7556}") = "TypeBloodLogic", "TypeBloodLogic\TypeBloodLogic.csproj", "{7C369215-71EA-4B1F-ADCF-321977161247}"
EndProject
Global
	GlobalSection(SolutionConfigurationPlatforms) = preSolution
		Debug|Any CPU = Debug|Any CPU
		Release|Any CPU = Release|Any CPU
	EndGlobalSection
	GlobalSection(ProjectConfigurationPlatforms) = postSolution
		{91D08729-CA00-41F8-B05F-74B6C00DD796}.Debug|Any CPU.ActiveCfg = Debug|Any CPU
		{91D08729-CA00-41F8-B05F-74B6C00DD796}.Debug|Any CPU.Build.0 = Debug|Any CPU
		{91D08729-CA00-41F8-B05F-74B6C00DD796}.Release|Any CPU.ActiveCfg = Release|Any CPU
		{91D08729-CA00-41F8-B05F-74B6C00DD796}.Release|Any CPU.Build.0 = Release|Any CPU
		{B4046424-C361-4C75-BCEE-F596D0F224FD}.Debug|Any CPU.ActiveCfg = Debug|Any CPU
		{B4046424-C361-4C75-BCEE-F596D0F224FD}.Debug|Any CPU.Build.0 = Debug|Any CPU
		{B4046424-C361-4C75-BCEE-F596D0F224FD}.Release|Any CPU.ActiveCfg = Release|Any CPU
		{B4046424-C361-4C75-BCEE-F596D0F224FD}.Release|Any CPU.Build.0 = Release|Any CPU
		{7C369215-71EA-4B1F-ADCF-321977161247}.Debug|Any CPU.ActiveCfg = Debug|Any CPU
		{7C369215-71EA-4B1F-ADCF-321977161247}.Debug|Any CPU.Build.0 = Debug|Any CPU
		{7C369215-71EA-4B1F-ADCF-321977161247}.Release|Any CPU.ActiveCfg = Release|Any CPU
		{7C369215-71EA-4B1F-ADCF-321977161247}.Release|Any CPU.Build.0 = Release|Any CPU
	EndGlobalSection
	GlobalSection(SolutionProperties) = preSolution
		HideSolutionNode = FALSE
	EndGlobalSection
	GlobalSection(ExtensibilityGlobals) = postSolution
		SolutionGuid = {A377700D-184A-40FA-900C-1F6595D81363}
	EndGlobalSection
EndGlobal
